
Microsoft Visual Studio Solution File, Format Version 12.00
# Visual Studio Version 16
VisualStudioVersion = 16.6.30114.105
MinimumVisualStudioVersion = 10.0.40219.1
Project("{F2A71F9B-5D33-465A-A702-920D77279786}") = "mc", "MiniML.Compiler\mc.fsproj", "{7C6C49DF-36DC-4F04-9E5A-573CA77F0FA5}"
EndProject
Project("{F2A71F9B-5D33-465A-A702-920D77279786}") = "MiniML.Parser", "MiniML.Parser\MiniML.Parser.fsproj", "{DDD57DD5-8818-4C4B-821E-0C7C51187D94}"
EndProject
Project("{F2A71F9B-5D33-465A-A702-920D77279786}") = "MiniML.Parser.Tests", "MiniML.Parser.Tests\MiniML.Parser.Tests.fsproj", "{C7B3CC36-6923-439F-AD3E-6B796B5A65C9}"
EndProject
Global
	GlobalSection(SolutionConfigurationPlatforms) = preSolution
		Debug|Any CPU = Debug|Any CPU
		Debug|x64 = Debug|x64
		Debug|x86 = Debug|x86
		Release|Any CPU = Release|Any CPU
		Release|x64 = Release|x64
		Release|x86 = Release|x86
	EndGlobalSection
	GlobalSection(SolutionProperties) = preSolution
		HideSolutionNode = FALSE
	EndGlobalSection
	GlobalSection(ProjectConfigurationPlatforms) = postSolution
		{7C6C49DF-36DC-4F04-9E5A-573CA77F0FA5}.Debug|Any CPU.ActiveCfg = Debug|Any CPU
		{7C6C49DF-36DC-4F04-9E5A-573CA77F0FA5}.Debug|Any CPU.Build.0 = Debug|Any CPU
		{7C6C49DF-36DC-4F04-9E5A-573CA77F0FA5}.Debug|x64.ActiveCfg = Debug|Any CPU
		{7C6C49DF-36DC-4F04-9E5A-573CA77F0FA5}.Debug|x64.Build.0 = Debug|Any CPU
		{7C6C49DF-36DC-4F04-9E5A-573CA77F0FA5}.Debug|x86.ActiveCfg = Debug|Any CPU
		{7C6C49DF-36DC-4F04-9E5A-573CA77F0FA5}.Debug|x86.Build.0 = Debug|Any CPU
		{7C6C49DF-36DC-4F04-9E5A-573CA77F0FA5}.Release|Any CPU.ActiveCfg = Release|Any CPU
		{7C6C49DF-36DC-4F04-9E5A-573CA77F0FA5}.Release|Any CPU.Build.0 = Release|Any CPU
		{7C6C49DF-36DC-4F04-9E5A-573CA77F0FA5}.Release|x64.ActiveCfg = Release|Any CPU
		{7C6C49DF-36DC-4F04-9E5A-573CA77F0FA5}.Release|x64.Build.0 = Release|Any CPU
		{7C6C49DF-36DC-4F04-9E5A-573CA77F0FA5}.Release|x86.ActiveCfg = Release|Any CPU
		{7C6C49DF-36DC-4F04-9E5A-573CA77F0FA5}.Release|x86.Build.0 = Release|Any CPU
		{DDD57DD5-8818-4C4B-821E-0C7C51187D94}.Debug|Any CPU.ActiveCfg = Debug|Any CPU
		{DDD57DD5-8818-4C4B-821E-0C7C51187D94}.Debug|Any CPU.Build.0 = Debug|Any CPU
		{DDD57DD5-8818-4C4B-821E-0C7C51187D94}.Debug|x64.ActiveCfg = Debug|Any CPU
		{DDD57DD5-8818-4C4B-821E-0C7C51187D94}.Debug|x64.Build.0 = Debug|Any CPU
		{DDD57DD5-8818-4C4B-821E-0C7C51187D94}.Debug|x86.ActiveCfg = Debug|Any CPU
		{DDD57DD5-8818-4C4B-821E-0C7C51187D94}.Debug|x86.Build.0 = Debug|Any CPU
		{DDD57DD5-8818-4C4B-821E-0C7C51187D94}.Release|Any CPU.ActiveCfg = Release|Any CPU
		{DDD57DD5-8818-4C4B-821E-0C7C51187D94}.Release|Any CPU.Build.0 = Release|Any CPU
		{DDD57DD5-8818-4C4B-821E-0C7C51187D94}.Release|x64.ActiveCfg = Release|Any CPU
		{DDD57DD5-8818-4C4B-821E-0C7C51187D94}.Release|x64.Build.0 = Release|Any CPU
		{DDD57DD5-8818-4C4B-821E-0C7C51187D94}.Release|x86.ActiveCfg = Release|Any CPU
		{DDD57DD5-8818-4C4B-821E-0C7C51187D94}.Release|x86.Build.0 = Release|Any CPU
		{C7B3CC36-6923-439F-AD3E-6B796B5A65C9}.Debug|Any CPU.ActiveCfg = Debug|Any CPU
		{C7B3CC36-6923-439F-AD3E-6B796B5A65C9}.Debug|Any CPU.Build.0 = Debug|Any CPU
		{C7B3CC36-6923-439F-AD3E-6B796B5A65C9}.Debug|x64.ActiveCfg = Debug|Any CPU
		{C7B3CC36-6923-439F-AD3E-6B796B5A65C9}.Debug|x64.Build.0 = Debug|Any CPU
		{C7B3CC36-6923-439F-AD3E-6B796B5A65C9}.Debug|x86.ActiveCfg = Debug|Any CPU
		{C7B3CC36-6923-439F-AD3E-6B796B5A65C9}.Debug|x86.Build.0 = Debug|Any CPU
		{C7B3CC36-6923-439F-AD3E-6B796B5A65C9}.Release|Any CPU.ActiveCfg = Release|Any CPU
		{C7B3CC36-6923-439F-AD3E-6B796B5A65C9}.Release|Any CPU.Build.0 = Release|Any CPU
		{C7B3CC36-6923-439F-AD3E-6B796B5A65C9}.Release|x64.ActiveCfg = Release|Any CPU
		{C7B3CC36-6923-439F-AD3E-6B796B5A65C9}.Release|x64.Build.0 = Release|Any CPU
		{C7B3CC36-6923-439F-AD3E-6B796B5A65C9}.Release|x86.ActiveCfg = Release|Any CPU
		{C7B3CC36-6923-439F-AD3E-6B796B5A65C9}.Release|x86.Build.0 = Release|Any CPU
	EndGlobalSection
EndGlobal
